
Microsoft Visual Studio Solution File, Format Version 12.00
# Visual Studio Version 16
VisualStudioVersion = 16.0.33130.400
MinimumVisualStudioVersion = 10.0.40219.1
Project("{FAE04EC0-301F-11D3-BF4B-00C04F79EFBC}") = "BTL_LTWeb", "BTL_LTWeb\BTL_LTWeb.csproj", "{F7E306BF-8943-4A48-9F74-A69270DC4F47}"
EndProject
Global
	GlobalSection(SolutionConfigurationPlatforms) = preSolution
		Debug|Any CPU = Debug|Any CPU
		Release|Any CPU = Release|Any CPU
	EndGlobalSection
	GlobalSection(ProjectConfigurationPlatforms) = postSolution
		{F7E306BF-8943-4A48-9F74-A69270DC4F47}.Debug|Any CPU.ActiveCfg = Debug|Any CPU
		{F7E306BF-8943-4A48-9F74-A69270DC4F47}.Debug|Any CPU.Build.0 = Debug|Any CPU
		{F7E306BF-8943-4A48-9F74-A69270DC4F47}.Release|Any CPU.ActiveCfg = Release|Any CPU
		{F7E306BF-8943-4A48-9F74-A69270DC4F47}.Release|Any CPU.Build.0 = Release|Any CPU
	EndGlobalSection
	GlobalSection(SolutionProperties) = preSolution
		HideSolutionNode = FALSE
	EndGlobalSection
	GlobalSection(ExtensibilityGlobals) = postSolution
		SolutionGuid = {623A51A5-43B3-454A-AC2B-E48ADB7A2431}
	EndGlobalSection
EndGlobal
